
Microsoft Visual Studio Solution File, Format Version 12.00
# Visual Studio 15
VisualStudioVersion = 15.0.28307.489
MinimumVisualStudioVersion = 10.0.40219.1
Project("{FAE04EC0-301F-11D3-BF4B-00C04F79EFBC}") = "test", "test\test.csproj", "{5F4C2FC0-FF2F-4FFA-A71D-55723DCBF7CA}"
EndProject
Global
	GlobalSection(SolutionConfigurationPlatforms) = preSolution
		Debug|Any CPU = Debug|Any CPU
		Release|Any CPU = Release|Any CPU
	EndGlobalSection
	GlobalSection(ProjectConfigurationPlatforms) = postSolution
		{5F4C2FC0-FF2F-4FFA-A71D-55723DCBF7CA}.Debug|Any CPU.ActiveCfg = Debug|Any CPU
		{5F4C2FC0-FF2F-4FFA-A71D-55723DCBF7CA}.Debug|Any CPU.Build.0 = Debug|Any CPU
		{5F4C2FC0-FF2F-4FFA-A71D-55723DCBF7CA}.Release|Any CPU.ActiveCfg = Release|Any CPU
		{5F4C2FC0-FF2F-4FFA-A71D-55723DCBF7CA}.Release|Any CPU.Build.0 = Release|Any CPU
	EndGlobalSection
	GlobalSection(SolutionProperties) = preSolution
		HideSolutionNode = FALSE
	EndGlobalSection
	GlobalSection(ExtensibilityGlobals) = postSolution
		SolutionGuid = {8E5CE228-886D-4DD8-B861-9BF1BA0803FC}
	EndGlobalSection
EndGlobal
